
Microsoft Visual Studio Solution File, Format Version 12.00
# Visual Studio Version 17
VisualStudioVersion = 17.1.32319.34
MinimumVisualStudioVersion = 10.0.40219.1
Project("{FAE04EC0-301F-11D3-BF4B-00C04F79EFBC}") = "Larionov_vi", "Larionov_vi\Larionov_vi.csproj", "{EA46B6F7-1CFE-4DAA-96F9-12D747067633}"
EndProject
Global
	GlobalSection(SolutionConfigurationPlatforms) = preSolution
		Debug|Any CPU = Debug|Any CPU
		Release|Any CPU = Release|Any CPU
	EndGlobalSection
	GlobalSection(ProjectConfigurationPlatforms) = postSolution
		{EA46B6F7-1CFE-4DAA-96F9-12D747067633}.Debug|Any CPU.ActiveCfg = Debug|Any CPU
		{EA46B6F7-1CFE-4DAA-96F9-12D747067633}.Debug|Any CPU.Build.0 = Debug|Any CPU
		{EA46B6F7-1CFE-4DAA-96F9-12D747067633}.Release|Any CPU.ActiveCfg = Release|Any CPU
		{EA46B6F7-1CFE-4DAA-96F9-12D747067633}.Release|Any CPU.Build.0 = Release|Any CPU
	EndGlobalSection
	GlobalSection(SolutionProperties) = preSolution
		HideSolutionNode = FALSE
	EndGlobalSection
	GlobalSection(ExtensibilityGlobals) = postSolution
		SolutionGuid = {ECCD879A-B559-4232-BE39-23BD0B4DEDD6}
	EndGlobalSection
EndGlobal
